// !$*UTF8*$!
{
	archiveVersion = 1;
	classes = {
	};
	objectVersion = 54;
	objects = {

/* Begin PBXBuildFile section */
		1A6C48342AEA143A00BF0659 /* AppDelegate.swift in Sources */ = {isa = PBXBuildFile; fileRef = 1A6C48332AEA143A00BF0659 /* AppDelegate.swift */; };
		1A6C48362AEA143A00BF0659 /* ViewController.swift in Sources */ = {isa = PBXBuildFile; fileRef = 1A6C48352AEA143A00BF0659 /* ViewController.swift */; };
		1A6C48382AEA143B00BF0659 /* Assets.xcassets in Resources */ = {isa = PBXBuildFile; fileRef = 1A6C48372AEA143B00BF0659 /* Assets.xcassets */; };
		1A6C483B2AEA143B00BF0659 /* Main.storyboard in Resources */ = {isa = PBXBuildFile; fileRef = 1A6C48392AEA143B00BF0659 /* Main.storyboard */; };
		1A6C48462AEA143B00BF0659 /* clipboardTests.swift in Sources */ = {isa = PBXBuildFile; fileRef = 1A6C48452AEA143B00BF0659 /* clipboardTests.swift */; };
		1A6C48502AEA143B00BF0659 /* clipboardUITests.swift in Sources */ = {isa = PBXBuildFile; fileRef = 1A6C484F2AEA143B00BF0659 /* clipboardUITests.swift */; };
		1A6C48522AEA143B00BF0659 /* clipboardUITestsLaunchTests.swift in Sources */ = {isa = PBXBuildFile; fileRef = 1A6C48512AEA143B00BF0659 /* clipboardUITestsLaunchTests.swift */; };
		1A6C48612AEA147900BF0659 /* Clipboard.swift in Sources */ = {isa = PBXBuildFile; fileRef = 1A6C485E2AEA147900BF0659 /* Clipboard.swift */; };
		1A6C48622AEA147900BF0659 /* Base+Extension.swift in Sources */ = {isa = PBXBuildFile; fileRef = 1A6C485F2AEA147900BF0659 /* Base+Extension.swift */; };
		1A6C48632AEA147900BF0659 /* Model.swift in Sources */ = {isa = PBXBuildFile; fileRef = 1A6C48602AEA147900BF0659 /* Model.swift */; };
		1A6C48652AEA262300BF0659 /* ContentView.swift in Sources */ = {isa = PBXBuildFile; fileRef = 1A6C48642AEA262300BF0659 /* ContentView.swift */; };
/* End PBXBuildFile section */

/* Begin PBXContainerItemProxy section */
		1A6C48422AEA143B00BF0659 /* PBXContainerItemProxy */ = {
			isa = PBXContainerItemProxy;
			containerPortal = 1A6C48282AEA143A00BF0659 /* Project object */;
			proxyType = 1;
			remoteGlobalIDString = 1A6C482F2AEA143A00BF0659;
			remoteInfo = clipboard;
		};
		1A6C484C2AEA143B00BF0659 /* PBXContainerItemProxy */ = {
			isa = PBXContainerItemProxy;
			containerPortal = 1A6C48282AEA143A00BF0659 /* Project object */;
			proxyType = 1;
			remoteGlobalIDString = 1A6C482F2AEA143A00BF0659;
			remoteInfo = clipboard;
		};
/* End PBXContainerItemProxy section */

/* Begin PBXFileReference section */
		1A6C48302AEA143A00BF0659 /* clipboard.app */ = {isa = PBXFileReference; explicitFileType = wrapper.application; includeInIndex = 0; path = clipboard.app; sourceTree = BUILT_PRODUCTS_DIR; };
		1A6C48332AEA143A00BF0659 /* AppDelegate.swift */ = {isa = PBXFileReference; lastKnownFileType = sourcecode.swift; path = AppDelegate.swift; sourceTree = "<group>"; };
		1A6C48352AEA143A00BF0659 /* ViewController.swift */ = {isa = PBXFileReference; lastKnownFileType = sourcecode.swift; path = ViewController.swift; sourceTree = "<group>"; };
		1A6C48372AEA143B00BF0659 /* Assets.xcassets */ = {isa = PBXFileReference; lastKnownFileType = folder.assetcatalog; path = Assets.xcassets; sourceTree = "<group>"; };
		1A6C483A2AEA143B00BF0659 /* Base */ = {isa = PBXFileReference; lastKnownFileType = file.storyboard; name = Base; path = Base.lproj/Main.storyboard; sourceTree = "<group>"; };
		1A6C483C2AEA143B00BF0659 /* clipboard.entitlements */ = {isa = PBXFileReference; lastKnownFileType = text.plist.entitlements; path = clipboard.entitlements; sourceTree = "<group>"; };
		1A6C48412AEA143B00BF0659 /* clipboardTests.xctest */ = {isa = PBXFileReference; explicitFileType = wrapper.cfbundle; includeInIndex = 0; path = clipboardTests.xctest; sourceTree = BUILT_PRODUCTS_DIR; };
		1A6C48452AEA143B00BF0659 /* clipboardTests.swift */ = {isa = PBXFileReference; lastKnownFileType = sourcecode.swift; path = clipboardTests.swift; sourceTree = "<group>"; };
		1A6C484B2AEA143B00BF0659 /* clipboardUITests.xctest */ = {isa = PBXFileReference; explicitFileType = wrapper.cfbundle; includeInIndex = 0; path = clipboardUITests.xctest; sourceTree = BUILT_PRODUCTS_DIR; };
		1A6C484F2AEA143B00BF0659 /* clipboardUITests.swift */ = {isa = PBXFileReference; lastKnownFileType = sourcecode.swift; path = clipboardUITests.swift; sourceTree = "<group>"; };
		1A6C48512AEA143B00BF0659 /* clipboardUITestsLaunchTests.swift */ = {isa = PBXFileReference; lastKnownFileType = sourcecode.swift; path = clipboardUITestsLaunchTests.swift; sourceTree = "<group>"; };
		1A6C485E2AEA147900BF0659 /* Clipboard.swift */ = {isa = PBXFileReference; fileEncoding = 4; lastKnownFileType = sourcecode.swift; path = Clipboard.swift; sourceTree = "<group>"; };
		1A6C485F2AEA147900BF0659 /* Base+Extension.swift */ = {isa = PBXFileReference; fileEncoding = 4; lastKnownFileType = sourcecode.swift; path = "Base+Extension.swift"; sourceTree = "<group>"; };
		1A6C48602AEA147900BF0659 /* Model.swift */ = {isa = PBXFileReference; fileEncoding = 4; lastKnownFileType = sourcecode.swift; path = Model.swift; sourceTree = "<group>"; };
		1A6C48642AEA262300BF0659 /* ContentView.swift */ = {isa = PBXFileReference; lastKnownFileType = sourcecode.swift; path = ContentView.swift; sourceTree = "<group>"; };
/* End PBXFileReference section */

/* Begin PBXFrameworksBuildPhase section */
		1A6C482D2AEA143A00BF0659 /* Frameworks */ = {
			isa = PBXFrameworksBuildPhase;
			buildActionMask = 2147483647;
			files = (
			);
			runOnlyForDeploymentPostprocessing = 0;
		};
		1A6C483E2AEA143B00BF0659 /* Frameworks */ = {
			isa = PBXFrameworksBuildPhase;
			buildActionMask = 2147483647;
			files = (
			);
			runOnlyForDeploymentPostprocessing = 0;
		};
		1A6C48482AEA143B00BF0659 /* Frameworks */ = {
			isa = PBXFrameworksBuildPhase;
			buildActionMask = 2147483647;
			files = (
			);
			runOnlyForDeploymentPostprocessing = 0;
		};
/* End PBXFrameworksBuildPhase section */

/* Begin PBXGroup section */
		1A6C48272AEA143A00BF0659 = {
			isa = PBXGroup;
			children = (
				1A6C48322AEA143A00BF0659 /* clipboard */,
				1A6C48442AEA143B00BF0659 /* clipboardTests */,
				1A6C484E2AEA143B00BF0659 /* clipboardUITests */,
				1A6C48312AEA143A00BF0659 /* Products */,
			);
			sourceTree = "<group>";
		};
		1A6C48312AEA143A00BF0659 /* Products */ = {
			isa = PBXGroup;
			children = (
				1A6C48302AEA143A00BF0659 /* clipboard.app */,
				1A6C48412AEA143B00BF0659 /* clipboardTests.xctest */,
				1A6C484B2AEA143B00BF0659 /* clipboardUITests.xctest */,
			);
			name = Products;
			sourceTree = "<group>";
		};
		1A6C48322AEA143A00BF0659 /* clipboard */ = {
			isa = PBXGroup;
			children = (
				1A6C485F2AEA147900BF0659 /* Base+Extension.swift */,
				1A6C485E2AEA147900BF0659 /* Clipboard.swift */,
				1A6C48602AEA147900BF0659 /* Model.swift */,
				1A6C48332AEA143A00BF0659 /* AppDelegate.swift */,
				1A6C48352AEA143A00BF0659 /* ViewController.swift */,
				1A6C48642AEA262300BF0659 /* ContentView.swift */,
				1A6C48372AEA143B00BF0659 /* Assets.xcassets */,
				1A6C48392AEA143B00BF0659 /* Main.storyboard */,
				1A6C483C2AEA143B00BF0659 /* clipboard.entitlements */,
			);
			path = clipboard;
			sourceTree = "<group>";
		};
		1A6C48442AEA143B00BF0659 /* clipboardTests */ = {
			isa = PBXGroup;
			children = (
				1A6C48452AEA143B00BF0659 /* clipboardTests.swift */,
			);
			path = clipboardTests;
			sourceTree = "<group>";
		};
		1A6C484E2AEA143B00BF0659 /* clipboardUITests */ = {
			isa = PBXGroup;
			children = (
				1A6C484F2AEA143B00BF0659 /* clipboardUITests.swift */,
				1A6C48512AEA143B00BF0659 /* clipboardUITestsLaunchTests.swift */,
			);
			path = clipboardUITests;
			sourceTree = "<group>";
		};
/* End PBXGroup section */

/* Begin PBXNativeTarget section */
		1A6C482F2AEA143A00BF0659 /* clipboard */ = {
			isa = PBXNativeTarget;
			buildConfigurationList = 1A6C48552AEA143B00BF0659 /* Build configuration list for PBXNativeTarget "clipboard" */;
			buildPhases = (
				1A6C482C2AEA143A00BF0659 /* Sources */,
				1A6C482D2AEA143A00BF0659 /* Frameworks */,
				1A6C482E2AEA143A00BF0659 /* Resources */,
			);
			buildRules = (
			);
			dependencies = (
			);
			name = clipboard;
			productName = clipboard;
			productReference = 1A6C48302AEA143A00BF0659 /* clipboard.app */;
			productType = "com.apple.product-type.application";
		};
		1A6C48402AEA143B00BF0659 /* clipboardTests */ = {
			isa = PBXNativeTarget;
			buildConfigurationList = 1A6C48582AEA143B00BF0659 /* Build configuration list for PBXNativeTarget "clipboardTests" */;
			buildPhases = (
				1A6C483D2AEA143B00BF0659 /* Sources */,
				1A6C483E2AEA143B00BF0659 /* Frameworks */,
				1A6C483F2AEA143B00BF0659 /* Resources */,
			);
			buildRules = (
			);
			dependencies = (
				1A6C48432AEA143B00BF0659 /* PBXTargetDependency */,
			);
			name = clipboardTests;
			productName = clipboardTests;
			productReference = 1A6C48412AEA143B00BF0659 /* clipboardTests.xctest */;
			productType = "com.apple.product-type.bundle.unit-test";
		};
		1A6C484A2AEA143B00BF0659 /* clipboardUITests */ = {
			isa = PBXNativeTarget;
			buildConfigurationList = 1A6C485B2AEA143B00BF0659 /* Build configuration list for PBXNativeTarget "clipboardUITests" */;
			buildPhases = (
				1A6C48472AEA143B00BF0659 /* Sources */,
				1A6C48482AEA143B00BF0659 /* Frameworks */,
				1A6C48492AEA143B00BF0659 /* Resources */,
			);
			buildRules = (
			);
			dependencies = (
				1A6C484D2AEA143B00BF0659 /* PBXTargetDependency */,
			);
			name = clipboardUITests;
			productName = clipboardUITests;
			productReference = 1A6C484B2AEA143B00BF0659 /* clipboardUITests.xctest */;
			productType = "com.apple.product-type.bundle.ui-testing";
		};
/* End PBXNativeTarget section */

/* Begin PBXProject section */
		1A6C48282AEA143A00BF0659 /* Project object */ = {
			isa = PBXProject;
			attributes = {
				BuildIndependentTargetsInParallel = 1;
				LastSwiftUpdateCheck = 1500;
				LastUpgradeCheck = 1500;
				TargetAttributes = {
					1A6C482F2AEA143A00BF0659 = {
						CreatedOnToolsVersion = 15.0.1;
					};
					1A6C48402AEA143B00BF0659 = {
						CreatedOnToolsVersion = 15.0.1;
						TestTargetID = 1A6C482F2AEA143A00BF0659;
					};
					1A6C484A2AEA143B00BF0659 = {
						CreatedOnToolsVersion = 15.0.1;
						TestTargetID = 1A6C482F2AEA143A00BF0659;
					};
				};
			};
			buildConfigurationList = 1A6C482B2AEA143A00BF0659 /* Build configuration list for PBXProject "clipboard" */;
			compatibilityVersion = "Xcode 12.0";
			developmentRegion = en;
			hasScannedForEncodings = 0;
			knownRegions = (
				en,
				Base,
			);
			mainGroup = 1A6C48272AEA143A00BF0659;
			productRefGroup = 1A6C48312AEA143A00BF0659 /* Products */;
			projectDirPath = "";
			projectRoot = "";
			targets = (
				1A6C482F2AEA143A00BF0659 /* clipboard */,
				1A6C48402AEA143B00BF0659 /* clipboardTests */,
				1A6C484A2AEA143B00BF0659 /* clipboardUITests */,
			);
		};
/* End PBXProject section */

/* Begin PBXResourcesBuildPhase section */
		1A6C482E2AEA143A00BF0659 /* Resources */ = {
			isa = PBXResourcesBuildPhase;
			buildActionMask = 2147483647;
			files = (
				1A6C48382AEA143B00BF0659 /* Assets.xcassets in Resources */,
				1A6C483B2AEA143B00BF0659 /* Main.storyboard in Resources */,
			);
			runOnlyForDeploymentPostprocessing = 0;
		};
		1A6C483F2AEA143B00BF0659 /* Resources */ = {
			isa = PBXResourcesBuildPhase;
			buildActionMask = 2147483647;
			files = (
			);
			runOnlyForDeploymentPostprocessing = 0;
		};
		1A6C48492AEA143B00BF0659 /* Resources */ = {
			isa = PBXResourcesBuildPhase;
			buildActionMask = 2147483647;
			files = (
			);
			runOnlyForDeploymentPostprocessing = 0;
		};
/* End PBXResourcesBuildPhase section */

/* Begin PBXSourcesBuildPhase section */
		1A6C482C2AEA143A00BF0659 /* Sources */ = {
			isa = PBXSourcesBuildPhase;
			buildActionMask = 2147483647;
			files = (
				1A6C48632AEA147900BF0659 /* Model.swift in Sources */,
				1A6C48612AEA147900BF0659 /* Clipboard.swift in Sources */,
				1A6C48652AEA262300BF0659 /* ContentView.swift in Sources */,
				1A6C48362AEA143A00BF0659 /* ViewController.swift in Sources */,
				1A6C48622AEA147900BF0659 /* Base+Extension.swift in Sources */,
				1A6C48342AEA143A00BF0659 /* AppDelegate.swift in Sources */,
			);
			runOnlyForDeploymentPostprocessing = 0;
		};
		1A6C483D2AEA143B00BF0659 /* Sources */ = {
			isa = PBXSourcesBuildPhase;
			buildActionMask = 2147483647;
			files = (
				1A6C48462AEA143B00BF0659 /* clipboardTests.swift in Sources */,
			);
			runOnlyForDeploymentPostprocessing = 0;
		};
		1A6C48472AEA143B00BF0659 /* Sources */ = {
			isa = PBXSourcesBuildPhase;
			buildActionMask = 2147483647;
			files = (
				1A6C48502AEA143B00BF0659 /* clipboardUITests.swift in Sources */,
				1A6C48522AEA143B00BF0659 /* clipboardUITestsLaunchTests.swift in Sources */,
			);
			runOnlyForDeploymentPostprocessing = 0;
		};
/* End PBXSourcesBuildPhase section */

/* Begin PBXTargetDependency section */
		1A6C48432AEA143B00BF0659 /* PBXTargetDependency */ = {
			isa = PBXTargetDependency;
			target = 1A6C482F2AEA143A00BF0659 /* clipboard */;
			targetProxy = 1A6C48422AEA143B00BF0659 /* PBXContainerItemProxy */;
		};
		1A6C484D2AEA143B00BF0659 /* PBXTargetDependency */ = {
			isa = PBXTargetDependency;
			target = 1A6C482F2AEA143A00BF0659 /* clipboard */;
			targetProxy = 1A6C484C2AEA143B00BF0659 /* PBXContainerItemProxy */;
		};
/* End PBXTargetDependency section */

/* Begin PBXVariantGroup section */
		1A6C48392AEA143B00BF0659 /* Main.storyboard */ = {
			isa = PBXVariantGroup;
			children = (
				1A6C483A2AEA143B00BF0659 /* Base */,
			);
			name = Main.storyboard;
			sourceTree = "<group>";
		};
/* End PBXVariantGroup section */

/* Begin XCBuildConfiguration section */
		1A6C48532AEA143B00BF0659 /* Debug */ = {
			isa = XCBuildConfiguration;
			buildSettings = {
				ALWAYS_SEARCH_USER_PATHS = NO;
				ASSETCATALOG_COMPILER_GENERATE_SWIFT_ASSET_SYMBOL_EXTENSIONS = YES;
				CLANG_ANALYZER_NONNULL = YES;
				CLANG_ANALYZER_NUMBER_OBJECT_CONVERSION = YES_AGGRESSIVE;
				CLANG_CXX_LANGUAGE_STANDARD = "gnu++20";
				CLANG_ENABLE_MODULES = YES;
				CLANG_ENABLE_OBJC_ARC = YES;
				CLANG_ENABLE_OBJC_WEAK = YES;
				CLANG_WARN_BLOCK_CAPTURE_AUTORELEASING = YES;
				CLANG_WARN_BOOL_CONVERSION = YES;
				CLANG_WARN_COMMA = YES;
				CLANG_WARN_CONSTANT_CONVERSION = YES;
				CLANG_WARN_DEPRECATED_OBJC_IMPLEMENTATIONS = YES;
				CLANG_WARN_DIRECT_OBJC_ISA_USAGE = YES_ERROR;
				CLANG_WARN_DOCUMENTATION_COMMENTS = YES;
				CLANG_WARN_EMPTY_BODY = YES;
				CLANG_WARN_ENUM_CONVERSION = YES;
				CLANG_WARN_INFINITE_RECURSION = YES;
				CLANG_WARN_INT_CONVERSION = YES;
				CLANG_WARN_NON_LITERAL_NULL_CONVERSION = YES;
				CLANG_WARN_OBJC_IMPLICIT_RETAIN_SELF = YES;
				CLANG_WARN_OBJC_LITERAL_CONVERSION = YES;
				CLANG_WARN_OBJC_ROOT_CLASS = YES_ERROR;
				CLANG_WARN_QUOTED_INCLUDE_IN_FRAMEWORK_HEADER = YES;
				CLANG_WARN_RANGE_LOOP_ANALYSIS = YES;
				CLANG_WARN_STRICT_PROTOTYPES = YES;
				CLANG_WARN_SUSPICIOUS_MOVE = YES;
				CLANG_WARN_UNGUARDED_AVAILABILITY = YES_AGGRESSIVE;
				CLANG_WARN_UNREACHABLE_CODE = YES;
				CLANG_WARN__DUPLICATE_METHOD_MATCH = YES;
				COPY_PHASE_STRIP = NO;
				DEBUG_INFORMATION_FORMAT = dwarf;
				ENABLE_STRICT_OBJC_MSGSEND = YES;
				ENABLE_TESTABILITY = YES;
				ENABLE_USER_SCRIPT_SANDBOXING = YES;
				GCC_C_LANGUAGE_STANDARD = gnu17;
				GCC_DYNAMIC_NO_PIC = NO;
				GCC_NO_COMMON_BLOCKS = YES;
				GCC_OPTIMIZATION_LEVEL = 0;
				GCC_PREPROCESSOR_DEFINITIONS = (
					"DEBUG=1",
					"$(inherited)",
				);
				GCC_WARN_64_TO_32_BIT_CONVERSION = YES;
				GCC_WARN_ABOUT_RETURN_TYPE = YES_ERROR;
				GCC_WARN_UNDECLARED_SELECTOR = YES;
				GCC_WARN_UNINITIALIZED_AUTOS = YES_AGGRESSIVE;
				GCC_WARN_UNUSED_FUNCTION = YES;
				GCC_WARN_UNUSED_VARIABLE = YES;
				LOCALIZATION_PREFERS_STRING_CATALOGS = YES;
				MACOSX_DEPLOYMENT_TARGET = 14.0;
				MTL_ENABLE_DEBUG_INFO = INCLUDE_SOURCE;
				MTL_FAST_MATH = YES;
				ONLY_ACTIVE_ARCH = YES;
				SDKROOT = macosx;
				SWIFT_ACTIVE_COMPILATION_CONDITIONS = "DEBUG $(inherited)";
				SWIFT_OPTIMIZATION_LEVEL = "-Onone";
			};
			name = Debug;
		};
		1A6C48542AEA143B00BF0659 /* Release */ = {
			isa = XCBuildConfiguration;
			buildSettings = {
				ALWAYS_SEARCH_USER_PATHS = NO;
				ASSETCATALOG_COMPILER_GENERATE_SWIFT_ASSET_SYMBOL_EXTENSIONS = YES;
				CLANG_ANALYZER_NONNULL = YES;
				CLANG_ANALYZER_NUMBER_OBJECT_CONVERSION = YES_AGGRESSIVE;
				CLANG_CXX_LANGUAGE_STANDARD = "gnu++20";
				CLANG_ENABLE_MODULES = YES;
				CLANG_ENABLE_OBJC_ARC = YES;
				CLANG_ENABLE_OBJC_WEAK = YES;
				CLANG_WARN_BLOCK_CAPTURE_AUTORELEASING = YES;
				CLANG_WARN_BOOL_CONVERSION = YES;
				CLANG_WARN_COMMA = YES;
				CLANG_WARN_CONSTANT_CONVERSION = YES;
				CLANG_WARN_DEPRECATED_OBJC_IMPLEMENTATIONS = YES;
				CLANG_WARN_DIRECT_OBJC_ISA_USAGE = YES_ERROR;
				CLANG_WARN_DOCUMENTATION_COMMENTS = YES;
				CLANG_WARN_EMPTY_BODY = YES;
				CLANG_WARN_ENUM_CONVERSION = YES;
				CLANG_WARN_INFINITE_RECURSION = YES;
				CLANG_WARN_INT_CONVERSION = YES;
				CLANG_WARN_NON_LITERAL_NULL_CONVERSION = YES;
				CLANG_WARN_OBJC_IMPLICIT_RETAIN_SELF = YES;
				CLANG_WARN_OBJC_LITERAL_CONVERSION = YES;
				CLANG_WARN_OBJC_ROOT_CLASS = YES_ERROR;
				CLANG_WARN_QUOTED_INCLUDE_IN_FRAMEWORK_HEADER = YES;
				CLANG_WARN_RANGE_LOOP_ANALYSIS = YES;
				CLANG_WARN_STRICT_PROTOTYPES = YES;
				CLANG_WARN_SUSPICIOUS_MOVE = YES;
				CLANG_WARN_UNGUARDED_AVAILABILITY = YES_AGGRESSIVE;
				CLANG_WARN_UNREACHABLE_CODE = YES;
				CLANG_WARN__DUPLICATE_METHOD_MATCH = YES;
				COPY_PHASE_STRIP = NO;
				DEBUG_INFORMATION_FORMAT = "dwarf-with-dsym";
				ENABLE_NS_ASSERTIONS = NO;
				ENABLE_STRICT_OBJC_MSGSEND = YES;
				ENABLE_USER_SCRIPT_SANDBOXING = YES;
				GCC_C_LANGUAGE_STANDARD = gnu17;
				GCC_NO_COMMON_BLOCKS = YES;
				GCC_WARN_64_TO_32_BIT_CONVERSION = YES;
				GCC_WARN_ABOUT_RETURN_TYPE = YES_ERROR;
				GCC_WARN_UNDECLARED_SELECTOR = YES;
				GCC_WARN_UNINITIALIZED_AUTOS = YES_AGGRESSIVE;
				GCC_WARN_UNUSED_FUNCTION = YES;
				GCC_WARN_UNUSED_VARIABLE = YES;
				LOCALIZATION_PREFERS_STRING_CATALOGS = YES;
				MACOSX_DEPLOYMENT_TARGET = 14.0;
				MTL_ENABLE_DEBUG_INFO = NO;
				MTL_FAST_MATH = YES;
				SDKROOT = macosx;
				SWIFT_COMPILATION_MODE = wholemodule;
			};
			name = Release;
		};
		1A6C48562AEA143B00BF0659 /* Debug */ = {
			isa = XCBuildConfiguration;
			buildSettings = {
				ASSETCATALOG_COMPILER_APPICON_NAME = AppIcon;
				ASSETCATALOG_COMPILER_GLOBAL_ACCENT_COLOR_NAME = AccentColor;
				CODE_SIGN_ENTITLEMENTS = clipboard/clipboard.entitlements;
				CODE_SIGN_STYLE = Automatic;
				COMBINE_HIDPI_IMAGES = YES;
				CURRENT_PROJECT_VERSION = 1;
				DEVELOPMENT_TEAM = G83A8HGB49;
				ENABLE_HARDENED_RUNTIME = YES;
				GENERATE_INFOPLIST_FILE = YES;
				INFOPLIST_KEY_NSHumanReadableCopyright = "";
				INFOPLIST_KEY_NSMainStoryboardFile = Main;
				INFOPLIST_KEY_NSPrincipalClass = NSApplication;
				LD_RUNPATH_SEARCH_PATHS = (
					"$(inherited)",
					"@executable_path/../Frameworks",
				);
				MARKETING_VERSION = 1.0;
				PRODUCT_BUNDLE_IDENTIFIER = wiki.mdzz.clipboard;
				PRODUCT_NAME = "$(TARGET_NAME)";
				SWIFT_EMIT_LOC_STRINGS = YES;
				SWIFT_VERSION = 5.0;
			};
			name = Debug;
		};
		1A6C48572AEA143B00BF0659 /* Release */ = {
			isa = XCBuildConfiguration;
			buildSettings = {
				ASSETCATALOG_COMPILER_APPICON_NAME = AppIcon;
				ASSETCATALOG_COMPILER_GLOBAL_ACCENT_COLOR_NAME = AccentColor;
				CODE_SIGN_ENTITLEMENTS = clipboard/clipboard.entitlements;
				CODE_SIGN_STYLE = Automatic;
				COMBINE_HIDPI_IMAGES = YES;
				CURRENT_PROJECT_VERSION = 1;
				DEVELOPMENT_TEAM = G83A8HGB49;
				ENABLE_HARDENED_RUNTIME = YES;
				GENERATE_INFOPLIST_FILE = YES;
				INFOPLIST_KEY_NSHumanReadableCopyright = "";
				INFOPLIST_KEY_NSMainStoryboardFile = Main;
				INFOPLIST_KEY_NSPrincipalClass = NSApplication;
				LD_RUNPATH_SEARCH_PATHS = (
					"$(inherited)",
					"@executable_path/../Frameworks",
				);
				MARKETING_VERSION = 1.0;
				PRODUCT_BUNDLE_IDENTIFIER = wiki.mdzz.clipboard;
				PRODUCT_NAME = "$(TARGET_NAME)";
				SWIFT_EMIT_LOC_STRINGS = YES;
				SWIFT_VERSION = 5.0;
			};
			name = Release;
		};
		1A6C48592AEA143B00BF0659 /* Debug */ = {
			isa = XCBuildConfiguration;
			buildSettings = {
				ALWAYS_EMBED_SWIFT_STANDARD_LIBRARIES = YES;
				BUNDLE_LOADER = "$(TEST_HOST)";
				CODE_SIGN_STYLE = Automatic;
				CURRENT_PROJECT_VERSION = 1;
				DEVELOPMENT_TEAM = G83A8HGB49;
				GENERATE_INFOPLIST_FILE = YES;
				MACOSX_DEPLOYMENT_TARGET = 14.0;
				MARKETING_VERSION = 1.0;
				PRODUCT_BUNDLE_IDENTIFIER = wiki.mdzz.clipboardTests;
				PRODUCT_NAME = "$(TARGET_NAME)";
				SWIFT_EMIT_LOC_STRINGS = NO;
				SWIFT_VERSION = 5.0;
				TEST_HOST = "$(BUILT_PRODUCTS_DIR)/clipboard.app/$(BUNDLE_EXECUTABLE_FOLDER_PATH)/clipboard";
			};
			name = Debug;
		};
		1A6C485A2AEA143B00BF0659 /* Release */ = {
			isa = XCBuildConfiguration;
			buildSettings = {
				ALWAYS_EMBED_SWIFT_STANDARD_LIBRARIES = YES;
				BUNDLE_LOADER = "$(TEST_HOST)";
				CODE_SIGN_STYLE = Automatic;
				CURRENT_PROJECT_VERSION = 1;
				DEVELOPMENT_TEAM = G83A8HGB49;
				GENERATE_INFOPLIST_FILE = YES;
				MACOSX_DEPLOYMENT_TARGET = 14.0;
				MARKETING_VERSION = 1.0;
				PRODUCT_BUNDLE_IDENTIFIER = wiki.mdzz.clipboardTests;
				PRODUCT_NAME = "$(TARGET_NAME)";
				SWIFT_EMIT_LOC_STRINGS = NO;
				SWIFT_VERSION = 5.0;
				TEST_HOST = "$(BUILT_PRODUCTS_DIR)/clipboard.app/$(BUNDLE_EXECUTABLE_FOLDER_PATH)/clipboard";
			};
			name = Release;
		};
		1A6C485C2AEA143B00BF0659 /* Debug */ = {
			isa = XCBuildConfiguration;
			buildSettings = {
				ALWAYS_EMBED_SWIFT_STANDARD_LIBRARIES = YES;
				CODE_SIGN_STYLE = Automatic;
				CURRENT_PROJECT_VERSION = 1;
				DEVELOPMENT_TEAM = G83A8HGB49;
				GENERATE_INFOPLIST_FILE = YES;
				MARKETING_VERSION = 1.0;
				PRODUCT_BUNDLE_IDENTIFIER = wiki.mdzz.clipboardUITests;
				PRODUCT_NAME = "$(TARGET_NAME)";
				SWIFT_EMIT_LOC_STRINGS = NO;
				SWIFT_VERSION = 5.0;
				TEST_TARGET_NAME = clipboard;
			};
			name = Debug;
		};
		1A6C485D2AEA143B00BF0659 /* Release */ = {
			isa = XCBuildConfiguration;
			buildSettings = {
				ALWAYS_EMBED_SWIFT_STANDARD_LIBRARIES = YES;
				CODE_SIGN_STYLE = Automatic;
				CURRENT_PROJECT_VERSION = 1;
				DEVELOPMENT_TEAM = G83A8HGB49;
				GENERATE_INFOPLIST_FILE = YES;
				MARKETING_VERSION = 1.0;
				PRODUCT_BUNDLE_IDENTIFIER = wiki.mdzz.clipboardUITests;
				PRODUCT_NAME = "$(TARGET_NAME)";
				SWIFT_EMIT_LOC_STRINGS = NO;
				SWIFT_VERSION = 5.0;
				TEST_TARGET_NAME = clipboard;
			};
			name = Release;
		};
/* End XCBuildConfiguration section */

/* Begin XCConfigurationList section */
		1A6C482B2AEA143A00BF0659 /* Build configuration list for PBXProject "clipboard" */ = {
			isa = XCConfigurationList;
			buildConfigurations = (
				1A6C48532AEA143B00BF0659 /* Debug */,
				1A6C48542AEA143B00BF0659 /* Release */,
			);
			defaultConfigurationIsVisible = 0;
			defaultConfigurationName = Release;
		};
		1A6C48552AEA143B00BF0659 /* Build configuration list for PBXNativeTarget "clipboard" */ = {
			isa = XCConfigurationList;
			buildConfigurations = (
				1A6C48562AEA143B00BF0659 /* Debug */,
				1A6C48572AEA143B00BF0659 /* Release */,
			);
			defaultConfigurationIsVisible = 0;
			defaultConfigurationName = Release;
		};
		1A6C48582AEA143B00BF0659 /* Build configuration list for PBXNativeTarget "clipboardTests" */ = {
			isa = XCConfigurationList;
			buildConfigurations = (
				1A6C48592AEA143B00BF0659 /* Debug */,
				1A6C485A2AEA143B00BF0659 /* Release */,
			);
			defaultConfigurationIsVisible = 0;
			defaultConfigurationName = Release;
		};
		1A6C485B2AEA143B00BF0659 /* Build configuration list for PBXNativeTarget "clipboardUITests" */ = {
			isa = XCConfigurationList;
			buildConfigurations = (
				1A6C485C2AEA143B00BF0659 /* Debug */,
				1A6C485D2AEA143B00BF0659 /* Release */,
			);
			defaultConfigurationIsVisible = 0;
			defaultConfigurationName = Release;
		};
/* End XCConfigurationList section */
	};
	rootObject = 1A6C48282AEA143A00BF0659 /* Project object */;
}
